
Microsoft Visual Studio Solution File, Format Version 12.00
# Visual Studio Version 16
VisualStudioVersion = 16.0.30611.23
MinimumVisualStudioVersion = 10.0.40219.1
Project("{FAE04EC0-301F-11D3-BF4B-00C04F79EFBC}") = "DotNetUtils.Win32", "DotNetUtils.Win32\DotNetUtils.Win32.csproj", "{493CDF57-9F0C-4DE1-B15F-2ED2A16D1F1F}"
EndProject
Global
	GlobalSection(SolutionConfigurationPlatforms) = preSolution
		Debug|Any CPU = Debug|Any CPU
		Release|Any CPU = Release|Any CPU
	EndGlobalSection
	GlobalSection(ProjectConfigurationPlatforms) = postSolution
		{493CDF57-9F0C-4DE1-B15F-2ED2A16D1F1F}.Debug|Any CPU.ActiveCfg = Debug|Any CPU
		{493CDF57-9F0C-4DE1-B15F-2ED2A16D1F1F}.Debug|Any CPU.Build.0 = Debug|Any CPU
		{493CDF57-9F0C-4DE1-B15F-2ED2A16D1F1F}.Release|Any CPU.ActiveCfg = Release|Any CPU
		{493CDF57-9F0C-4DE1-B15F-2ED2A16D1F1F}.Release|Any CPU.Build.0 = Release|Any CPU
	EndGlobalSection
	GlobalSection(SolutionProperties) = preSolution
		HideSolutionNode = FALSE
	EndGlobalSection
	GlobalSection(ExtensibilityGlobals) = postSolution
		SolutionGuid = {B0EEA759-128A-4E0F-A70C-9481D4E19769}
	EndGlobalSection
EndGlobal
